
Microsoft Visual Studio Solution File, Format Version 12.00
# Visual Studio Version 17
VisualStudioVersion = 17.1.32414.318
MinimumVisualStudioVersion = 10.0.40219.1
Project("{9A19103F-16F7-4668-BE54-9A1E7A4F7556}") = "PuppyProxy", "PuppyProxy.csproj", "{AD34D1B8-64B2-4C38-8B86-1865993516EF}"
EndProject
Project("{FAE04EC0-301F-11D3-BF4B-00C04F79EFBC}") = "ConsoleApp1", "..\ConsoleApp1\ConsoleApp1.csproj", "{6E56995E-5078-44FA-B132-2612C7886C8A}"
EndProject
Global
	GlobalSection(SolutionConfigurationPlatforms) = preSolution
		Debug|Any CPU = Debug|Any CPU
		Release|Any CPU = Release|Any CPU
	EndGlobalSection
	GlobalSection(ProjectConfigurationPlatforms) = postSolution
		{AD34D1B8-64B2-4C38-8B86-1865993516EF}.Debug|Any CPU.ActiveCfg = Debug|Any CPU
		{AD34D1B8-64B2-4C38-8B86-1865993516EF}.Debug|Any CPU.Build.0 = Debug|Any CPU
		{AD34D1B8-64B2-4C38-8B86-1865993516EF}.Release|Any CPU.ActiveCfg = Release|Any CPU
		{AD34D1B8-64B2-4C38-8B86-1865993516EF}.Release|Any CPU.Build.0 = Release|Any CPU
		{6E56995E-5078-44FA-B132-2612C7886C8A}.Debug|Any CPU.ActiveCfg = Debug|Any CPU
		{6E56995E-5078-44FA-B132-2612C7886C8A}.Debug|Any CPU.Build.0 = Debug|Any CPU
		{6E56995E-5078-44FA-B132-2612C7886C8A}.Release|Any CPU.ActiveCfg = Release|Any CPU
		{6E56995E-5078-44FA-B132-2612C7886C8A}.Release|Any CPU.Build.0 = Release|Any CPU
	EndGlobalSection
	GlobalSection(SolutionProperties) = preSolution
		HideSolutionNode = FALSE
	EndGlobalSection
	GlobalSection(ExtensibilityGlobals) = postSolution
		SolutionGuid = {3508BD6C-09E1-47F4-9527-A124595E2DD9}
	EndGlobalSection
EndGlobal
